
Microsoft Visual Studio Solution File, Format Version 12.00
# Visual Studio Version 17
VisualStudioVersion = 17.6.33513.284
MinimumVisualStudioVersion = 10.0.40219.1
Project("{FAE04EC0-301F-11D3-BF4B-00C04F79EFBC}") = "ConsoleApp4", "ConsoleApp4\ConsoleApp4.csproj", "{10B8E518-9EAE-4961-ACAE-CB361E9DB594}"
EndProject
Global
	GlobalSection(SolutionConfigurationPlatforms) = preSolution
		Debug|Any CPU = Debug|Any CPU
		Release|Any CPU = Release|Any CPU
	EndGlobalSection
	GlobalSection(ProjectConfigurationPlatforms) = postSolution
		{10B8E518-9EAE-4961-ACAE-CB361E9DB594}.Debug|Any CPU.ActiveCfg = Debug|Any CPU
		{10B8E518-9EAE-4961-ACAE-CB361E9DB594}.Debug|Any CPU.Build.0 = Debug|Any CPU
		{10B8E518-9EAE-4961-ACAE-CB361E9DB594}.Release|Any CPU.ActiveCfg = Release|Any CPU
		{10B8E518-9EAE-4961-ACAE-CB361E9DB594}.Release|Any CPU.Build.0 = Release|Any CPU
	EndGlobalSection
	GlobalSection(SolutionProperties) = preSolution
		HideSolutionNode = FALSE
	EndGlobalSection
	GlobalSection(ExtensibilityGlobals) = postSolution
		SolutionGuid = {A248D96D-EA81-4F3D-980A-6C5C6EDD1B30}
	EndGlobalSection
EndGlobal
